
Microsoft Visual Studio Solution File, Format Version 12.00
# Visual Studio Version 17
VisualStudioVersion = 17.10.35027.167
MinimumVisualStudioVersion = 10.0.40219.1
Project("{FAE04EC0-301F-11D3-BF4B-00C04F79EFBC}") = "sample-app.Server", "sample-app.Server\sample-app.Server.csproj", "{C037489D-0D3E-4633-A4FE-B2F4891DE280}"
EndProject
Project("{54A90642-561A-4BB1-A94E-469ADEE60C69}") = "sample-app.client", "sample-app.client\sample-app.client.esproj", "{BBF41889-AFAD-4108-A926-482AA369BBC0}"
EndProject
Global
	GlobalSection(SolutionConfigurationPlatforms) = preSolution
		Debug|Any CPU = Debug|Any CPU
		Release|Any CPU = Release|Any CPU
	EndGlobalSection
	GlobalSection(ProjectConfigurationPlatforms) = postSolution
		{C037489D-0D3E-4633-A4FE-B2F4891DE280}.Debug|Any CPU.ActiveCfg = Debug|Any CPU
		{C037489D-0D3E-4633-A4FE-B2F4891DE280}.Debug|Any CPU.Build.0 = Debug|Any CPU
		{C037489D-0D3E-4633-A4FE-B2F4891DE280}.Release|Any CPU.ActiveCfg = Release|Any CPU
		{C037489D-0D3E-4633-A4FE-B2F4891DE280}.Release|Any CPU.Build.0 = Release|Any CPU
		{BBF41889-AFAD-4108-A926-482AA369BBC0}.Debug|Any CPU.ActiveCfg = Debug|Any CPU
		{BBF41889-AFAD-4108-A926-482AA369BBC0}.Debug|Any CPU.Build.0 = Debug|Any CPU
		{BBF41889-AFAD-4108-A926-482AA369BBC0}.Debug|Any CPU.Deploy.0 = Debug|Any CPU
		{BBF41889-AFAD-4108-A926-482AA369BBC0}.Release|Any CPU.ActiveCfg = Release|Any CPU
		{BBF41889-AFAD-4108-A926-482AA369BBC0}.Release|Any CPU.Build.0 = Release|Any CPU
		{BBF41889-AFAD-4108-A926-482AA369BBC0}.Release|Any CPU.Deploy.0 = Release|Any CPU
	EndGlobalSection
	GlobalSection(SolutionProperties) = preSolution
		HideSolutionNode = FALSE
	EndGlobalSection
	GlobalSection(ExtensibilityGlobals) = postSolution
		SolutionGuid = {FD2241E0-66F1-48EA-A9F1-1458BD83974E}
	EndGlobalSection
EndGlobal
